// !$*UTF8*$!
{
	archiveVersion = 1;
	classes = {
	};
	objectVersion = 77;
	objects = {

/* Begin PBXBuildFile section */
		0726DB072F5219D2000CC7F6 /* FirebaseMessaging in Frameworks */ = {isa = PBXBuildFile; productRef = 0726DB062F5219D2000CC7F6 /* FirebaseMessaging */; };
		078298702F5EEA3B005CB0C9 /* ProvikartWatch Watch App.app in Embed Watch Content */ = {isa = PBXBuildFile; fileRef = 078298502F5EEA3A005CB0C9 /* ProvikartWatch Watch App.app */; settings = {ATTRIBUTES = (RemoveHeadersOnCopy, ); }; };
		07FAA3352F55074E00FDE731 /* WidgetKit.framework in Frameworks */ = {isa = PBXBuildFile; fileRef = 07FAA3342F55074E00FDE731 /* WidgetKit.framework */; };
		07FAA3372F55074E00FDE731 /* SwiftUI.framework in Frameworks */ = {isa = PBXBuildFile; fileRef = 07FAA3362F55074E00FDE731 /* SwiftUI.framework */; };
		07FAA3482F55074F00FDE731 /* ProvikartWidgetExtension.appex in Embed Foundation Extensions */ = {isa = PBXBuildFile; fileRef = 07FAA3322F55074E00FDE731 /* ProvikartWidgetExtension.appex */; settings = {ATTRIBUTES = (RemoveHeadersOnCopy, ); }; };
/* End PBXBuildFile section */

/* Begin PBXContainerItemProxy section */
		0782985D2F5EEA3B005CB0C9 /* PBXContainerItemProxy */ = {
			isa = PBXContainerItemProxy;
			containerPortal = 07EB0A232E16A17200204AFA /* Project object */;
			proxyType = 1;
			remoteGlobalIDString = 0782984F2F5EEA3A005CB0C9;
			remoteInfo = "ProvikartWatch Watch App";
		};
		078298672F5EEA3B005CB0C9 /* PBXContainerItemProxy */ = {
			isa = PBXContainerItemProxy;
			containerPortal = 07EB0A232E16A17200204AFA /* Project object */;
			proxyType = 1;
			remoteGlobalIDString = 0782984F2F5EEA3A005CB0C9;
			remoteInfo = "ProvikartWatch Watch App";
		};
		0782986E2F5EEA3B005CB0C9 /* PBXContainerItemProxy */ = {
			isa = PBXContainerItemProxy;
			containerPortal = 07EB0A232E16A17200204AFA /* Project object */;
			proxyType = 1;
			remoteGlobalIDString = 0782984F2F5EEA3A005CB0C9;
			remoteInfo = "ProvikartWatch Watch App";
		};
		07EB0A392E16A17300204AFA /* PBXContainerItemProxy */ = {
			isa = PBXContainerItemProxy;
			containerPortal = 07EB0A232E16A17200204AFA /* Project object */;
			proxyType = 1;
			remoteGlobalIDString = 07EB0A2A2E16A17200204AFA;
			remoteInfo = Provikart;
		};
		07EB0A432E16A17300204AFA /* PBXContainerItemProxy */ = {
			isa = PBXContainerItemProxy;
			containerPortal = 07EB0A232E16A17200204AFA /* Project object */;
			proxyType = 1;
			remoteGlobalIDString = 07EB0A2A2E16A17200204AFA;
			remoteInfo = Provikart;
		};
		07FAA3462F55074F00FDE731 /* PBXContainerItemProxy */ = {
			isa = PBXContainerItemProxy;
			containerPortal = 07EB0A232E16A17200204AFA /* Project object */;
			proxyType = 1;
			remoteGlobalIDString = 07FAA3312F55074E00FDE731;
			remoteInfo = ProvikartWidgetExtension;
		};
/* End PBXContainerItemProxy section */

/* Begin PBXCopyFilesBuildPhase section */
		078298742F5EEA3B005CB0C9 /* Embed Watch Content */ = {
			isa = PBXCopyFilesBuildPhase;
			buildActionMask = 2147483647;
			dstPath = "$(CONTENTS_FOLDER_PATH)/Watch";
			dstSubfolderSpec = 16;
			files = (
				078298702F5EEA3B005CB0C9 /* ProvikartWatch Watch App.app in Embed Watch Content */,
			);
			name = "Embed Watch Content";
			runOnlyForDeploymentPostprocessing = 0;
		};
		07FAA34D2F55074F00FDE731 /* Embed Foundation Extensions */ = {
			isa = PBXCopyFilesBuildPhase;
			buildActionMask = 2147483647;
			dstPath = "";
			dstSubfolderSpec = 13;
			files = (
				07FAA3482F55074F00FDE731 /* ProvikartWidgetExtension.appex in Embed Foundation Extensions */,
			);
			name = "Embed Foundation Extensions";
			runOnlyForDeploymentPostprocessing = 0;
		};
/* End PBXCopyFilesBuildPhase section */

/* Begin PBXFileReference section */
		078298502F5EEA3A005CB0C9 /* ProvikartWatch Watch App.app */ = {isa = PBXFileReference; explicitFileType = wrapper.application; includeInIndex = 0; path = "ProvikartWatch Watch App.app"; sourceTree = BUILT_PRODUCTS_DIR; };
		0782985C2F5EEA3B005CB0C9 /* ProvikartWatch Watch AppTests.xctest */ = {isa = PBXFileReference; explicitFileType = wrapper.cfbundle; includeInIndex = 0; path = "ProvikartWatch Watch AppTests.xctest"; sourceTree = BUILT_PRODUCTS_DIR; };
		078298662F5EEA3B005CB0C9 /* ProvikartWatch Watch AppUITests.xctest */ = {isa = PBXFileReference; explicitFileType = wrapper.cfbundle; includeInIndex = 0; path = "ProvikartWatch Watch AppUITests.xctest"; sourceTree = BUILT_PRODUCTS_DIR; };
		07EB0A2B2E16A17200204AFA /* Provikart.app */ = {isa = PBXFileReference; explicitFileType = wrapper.application; includeInIndex = 0; path = Provikart.app; sourceTree = BUILT_PRODUCTS_DIR; };
		07EB0A382E16A17300204AFA /* ProvikartTests.xctest */ = {isa = PBXFileReference; explicitFileType = wrapper.cfbundle; includeInIndex = 0; path = ProvikartTests.xctest; sourceTree = BUILT_PRODUCTS_DIR; };
		07EB0A422E16A17300204AFA /* ProvikartUITests.xctest */ = {isa = PBXFileReference; explicitFileType = wrapper.cfbundle; includeInIndex = 0; path = ProvikartUITests.xctest; sourceTree = BUILT_PRODUCTS_DIR; };
		07FAA3322F55074E00FDE731 /* ProvikartWidgetExtension.appex */ = {isa = PBXFileReference; explicitFileType = "wrapper.app-extension"; includeInIndex = 0; path = ProvikartWidgetExtension.appex; sourceTree = BUILT_PRODUCTS_DIR; };
		07FAA3342F55074E00FDE731 /* WidgetKit.framework */ = {isa = PBXFileReference; lastKnownFileType = wrapper.framework; name = WidgetKit.framework; path = System/Library/Frameworks/WidgetKit.framework; sourceTree = SDKROOT; };
		07FAA3362F55074E00FDE731 /* SwiftUI.framework */ = {isa = PBXFileReference; lastKnownFileType = wrapper.framework; name = SwiftUI.framework; path = System/Library/Frameworks/SwiftUI.framework; sourceTree = SDKROOT; };
		07FAA34F2F5507B400FDE731 /* ProvikartWidgetExtension.entitlements */ = {isa = PBXFileReference; lastKnownFileType = text.plist.entitlements; path = ProvikartWidgetExtension.entitlements; sourceTree = "<group>"; };
/* End PBXFileReference section */

/* Begin PBXFileSystemSynchronizedBuildFileExceptionSet section */
		0726DB022F521622000CC7F6 /* Exceptions for "Provikart" folder in "Provikart" target */ = {
			isa = PBXFileSystemSynchronizedBuildFileExceptionSet;
			membershipExceptions = (
				Info.plist,
			);
			target = 07EB0A2A2E16A17200204AFA /* Provikart */;
		};
		07FAA34C2F55074F00FDE731 /* Exceptions for "ProvikartWidget" folder in "ProvikartWidgetExtension" target */ = {
			isa = PBXFileSystemSynchronizedBuildFileExceptionSet;
			membershipExceptions = (
				Info.plist,
			);
			target = 07FAA3312F55074E00FDE731 /* ProvikartWidgetExtension */;
		};
/* End PBXFileSystemSynchronizedBuildFileExceptionSet section */

/* Begin PBXFileSystemSynchronizedRootGroup section */
		078298512F5EEA3A005CB0C9 /* ProvikartWatch Watch App */ = {
			isa = PBXFileSystemSynchronizedRootGroup;
			path = "ProvikartWatch Watch App";
			sourceTree = "<group>";
		};
		0782985F2F5EEA3B005CB0C9 /* ProvikartWatch Watch AppTests */ = {
			isa = PBXFileSystemSynchronizedRootGroup;
			path = "ProvikartWatch Watch AppTests";
			sourceTree = "<group>";
		};
		078298692F5EEA3B005CB0C9 /* ProvikartWatch Watch AppUITests */ = {
			isa = PBXFileSystemSynchronizedRootGroup;
			path = "ProvikartWatch Watch AppUITests";
			sourceTree = "<group>";
		};
		07EB0A2D2E16A17200204AFA /* Provikart */ = {
			isa = PBXFileSystemSynchronizedRootGroup;
			exceptions = (
				0726DB022F521622000CC7F6 /* Exceptions for "Provikart" folder in "Provikart" target */,
			);
			path = Provikart;
			sourceTree = "<group>";
		};
		07EB0A3B2E16A17300204AFA /* ProvikartTests */ = {
			isa = PBXFileSystemSynchronizedRootGroup;
			path = ProvikartTests;
			sourceTree = "<group>";
		};
		07EB0A452E16A17300204AFA /* ProvikartUITests */ = {
			isa = PBXFileSystemSynchronizedRootGroup;
			path = ProvikartUITests;
			sourceTree = "<group>";
		};
		07FAA3382F55074E00FDE731 /* ProvikartWidget */ = {
			isa = PBXFileSystemSynchronizedRootGroup;
			exceptions = (
				07FAA34C2F55074F00FDE731 /* Exceptions for "ProvikartWidget" folder in "ProvikartWidgetExtension" target */,
			);
			path = ProvikartWidget;
			sourceTree = "<group>";
		};
/* End PBXFileSystemSynchronizedRootGroup section */

/* Begin PBXFrameworksBuildPhase section */
		0782984D2F5EEA3A005CB0C9 /* Frameworks */ = {
			isa = PBXFrameworksBuildPhase;
			buildActionMask = 2147483647;
			files = (
			);
			runOnlyForDeploymentPostprocessing = 0;
		};
		078298592F5EEA3B005CB0C9 /* Frameworks */ = {
			isa = PBXFrameworksBuildPhase;
			buildActionMask = 2147483647;
			files = (
			);
			runOnlyForDeploymentPostprocessing = 0;
		};
		078298632F5EEA3B005CB0C9 /* Frameworks */ = {
			isa = PBXFrameworksBuildPhase;
			buildActionMask = 2147483647;
			files = (
			);
			runOnlyForDeploymentPostprocessing = 0;
		};
		07EB0A282E16A17200204AFA /* Frameworks */ = {
			isa = PBXFrameworksBuildPhase;
			buildActionMask = 2147483647;
			files = (
				0726DB072F5219D2000CC7F6 /* FirebaseMessaging in Frameworks */,
			);
			runOnlyForDeploymentPostprocessing = 0;
		};
		07EB0A352E16A17300204AFA /* Frameworks */ = {
			isa = PBXFrameworksBuildPhase;
			buildActionMask = 2147483647;
			files = (
			);
			runOnlyForDeploymentPostprocessing = 0;
		};
		07EB0A3F2E16A17300204AFA /* Frameworks */ = {
			isa = PBXFrameworksBuildPhase;
			buildActionMask = 2147483647;
			files = (
			);
			runOnlyForDeploymentPostprocessing = 0;
		};
		07FAA32F2F55074E00FDE731 /* Frameworks */ = {
			isa = PBXFrameworksBuildPhase;
			buildActionMask = 2147483647;
			files = (
				07FAA3372F55074E00FDE731 /* SwiftUI.framework in Frameworks */,
				07FAA3352F55074E00FDE731 /* WidgetKit.framework in Frameworks */,
			);
			runOnlyForDeploymentPostprocessing = 0;
		};
/* End PBXFrameworksBuildPhase section */

/* Begin PBXGroup section */
		07EB0A222E16A17200204AFA = {
			isa = PBXGroup;
			children = (
				07FAA34F2F5507B400FDE731 /* ProvikartWidgetExtension.entitlements */,
				07EB0A2D2E16A17200204AFA /* Provikart */,
				07EB0A3B2E16A17300204AFA /* ProvikartTests */,
				07EB0A452E16A17300204AFA /* ProvikartUITests */,
				07FAA3382F55074E00FDE731 /* ProvikartWidget */,
				078298512F5EEA3A005CB0C9 /* ProvikartWatch Watch App */,
				0782985F2F5EEA3B005CB0C9 /* ProvikartWatch Watch AppTests */,
				078298692F5EEA3B005CB0C9 /* ProvikartWatch Watch AppUITests */,
				07FAA3332F55074E00FDE731 /* Frameworks */,
				07EB0A2C2E16A17200204AFA /* Products */,
			);
			sourceTree = "<group>";
		};
		07EB0A2C2E16A17200204AFA /* Products */ = {
			isa = PBXGroup;
			children = (
				07EB0A2B2E16A17200204AFA /* Provikart.app */,
				07EB0A382E16A17300204AFA /* ProvikartTests.xctest */,
				07EB0A422E16A17300204AFA /* ProvikartUITests.xctest */,
				07FAA3322F55074E00FDE731 /* ProvikartWidgetExtension.appex */,
				078298502F5EEA3A005CB0C9 /* ProvikartWatch Watch App.app */,
				0782985C2F5EEA3B005CB0C9 /* ProvikartWatch Watch AppTests.xctest */,
				078298662F5EEA3B005CB0C9 /* ProvikartWatch Watch AppUITests.xctest */,
			);
			name = Products;
			sourceTree = "<group>";
		};
		07FAA3332F55074E00FDE731 /* Frameworks */ = {
			isa = PBXGroup;
			children = (
				07FAA3342F55074E00FDE731 /* WidgetKit.framework */,
				07FAA3362F55074E00FDE731 /* SwiftUI.framework */,
			);
			name = Frameworks;
			sourceTree = "<group>";
		};
/* End PBXGroup section */

/* Begin PBXNativeTarget section */
		0782984F2F5EEA3A005CB0C9 /* ProvikartWatch Watch App */ = {
			isa = PBXNativeTarget;
			buildConfigurationList = 078298712F5EEA3B005CB0C9 /* Build configuration list for PBXNativeTarget "ProvikartWatch Watch App" */;
			buildPhases = (
				0782984C2F5EEA3A005CB0C9 /* Sources */,
				0782984D2F5EEA3A005CB0C9 /* Frameworks */,
				0782984E2F5EEA3A005CB0C9 /* Resources */,
			);
			buildRules = (
			);
			dependencies = (
			);
			fileSystemSynchronizedGroups = (
				078298512F5EEA3A005CB0C9 /* ProvikartWatch Watch App */,
			);
			name = "ProvikartWatch Watch App";
			packageProductDependencies = (
			);
			productName = "ProvikartWatch Watch App";
			productReference = 078298502F5EEA3A005CB0C9 /* ProvikartWatch Watch App.app */;
			productType = "com.apple.product-type.application";
		};
		0782985B2F5EEA3B005CB0C9 /* ProvikartWatch Watch AppTests */ = {
			isa = PBXNativeTarget;
			buildConfigurationList = 078298752F5EEA3B005CB0C9 /* Build configuration list for PBXNativeTarget "ProvikartWatch Watch AppTests" */;
			buildPhases = (
				078298582F5EEA3B005CB0C9 /* Sources */,
				078298592F5EEA3B005CB0C9 /* Frameworks */,
				0782985A2F5EEA3B005CB0C9 /* Resources */,
			);
			buildRules = (
			);
			dependencies = (
				0782985E2F5EEA3B005CB0C9 /* PBXTargetDependency */,
			);
			fileSystemSynchronizedGroups = (
				0782985F2F5EEA3B005CB0C9 /* ProvikartWatch Watch AppTests */,
			);
			name = "ProvikartWatch Watch AppTests";
			packageProductDependencies = (
			);
			productName = "ProvikartWatch Watch AppTests";
			productReference = 0782985C2F5EEA3B005CB0C9 /* ProvikartWatch Watch AppTests.xctest */;
			productType = "com.apple.product-type.bundle.unit-test";
		};
		078298652F5EEA3B005CB0C9 /* ProvikartWatch Watch AppUITests */ = {
			isa = PBXNativeTarget;
			buildConfigurationList = 078298782F5EEA3B005CB0C9 /* Build configuration list for PBXNativeTarget "ProvikartWatch Watch AppUITests" */;
			buildPhases = (
				078298622F5EEA3B005CB0C9 /* Sources */,
				078298632F5EEA3B005CB0C9 /* Frameworks */,
				078298642F5EEA3B005CB0C9 /* Resources */,
			);
			buildRules = (
			);
			dependencies = (
				078298682F5EEA3B005CB0C9 /* PBXTargetDependency */,
			);
			fileSystemSynchronizedGroups = (
				078298692F5EEA3B005CB0C9 /* ProvikartWatch Watch AppUITests */,
			);
			name = "ProvikartWatch Watch AppUITests";
			packageProductDependencies = (
			);
			productName = "ProvikartWatch Watch AppUITests";
			productReference = 078298662F5EEA3B005CB0C9 /* ProvikartWatch Watch AppUITests.xctest */;
			productType = "com.apple.product-type.bundle.ui-testing";
		};
		07EB0A2A2E16A17200204AFA /* Provikart */ = {
			isa = PBXNativeTarget;
			buildConfigurationList = 07EB0A4C2E16A17300204AFA /* Build configuration list for PBXNativeTarget "Provikart" */;
			buildPhases = (
				07EB0A272E16A17200204AFA /* Sources */,
				07EB0A282E16A17200204AFA /* Frameworks */,
				07EB0A292E16A17200204AFA /* Resources */,
				07FAA34D2F55074F00FDE731 /* Embed Foundation Extensions */,
				078298742F5EEA3B005CB0C9 /* Embed Watch Content */,
			);
			buildRules = (
			);
			dependencies = (
				07FAA3472F55074F00FDE731 /* PBXTargetDependency */,
				0782986F2F5EEA3B005CB0C9 /* PBXTargetDependency */,
			);
			fileSystemSynchronizedGroups = (
				07EB0A2D2E16A17200204AFA /* Provikart */,
			);
			name = Provikart;
			packageProductDependencies = (
				0726DB062F5219D2000CC7F6 /* FirebaseMessaging */,
			);
			productName = Provikart;
			productReference = 07EB0A2B2E16A17200204AFA /* Provikart.app */;
			productType = "com.apple.product-type.application";
		};
		07EB0A372E16A17300204AFA /* ProvikartTests */ = {
			isa = PBXNativeTarget;
			buildConfigurationList = 07EB0A4F2E16A17300204AFA /* Build configuration list for PBXNativeTarget "ProvikartTests" */;
			buildPhases = (
				07EB0A342E16A17300204AFA /* Sources */,
				07EB0A352E16A17300204AFA /* Frameworks */,
				07EB0A362E16A17300204AFA /* Resources */,
			);
			buildRules = (
			);
			dependencies = (
				07EB0A3A2E16A17300204AFA /* PBXTargetDependency */,
			);
			fileSystemSynchronizedGroups = (
				07EB0A3B2E16A17300204AFA /* ProvikartTests */,
			);
			name = ProvikartTests;
			packageProductDependencies = (
			);
			productName = ProvikartTests;
			productReference = 07EB0A382E16A17300204AFA /* ProvikartTests.xctest */;
			productType = "com.apple.product-type.bundle.unit-test";
		};
		07EB0A412E16A17300204AFA /* ProvikartUITests */ = {
			isa = PBXNativeTarget;
			buildConfigurationList = 07EB0A522E16A17300204AFA /* Build configuration list for PBXNativeTarget "ProvikartUITests" */;
			buildPhases = (
				07EB0A3E2E16A17300204AFA /* Sources */,
				07EB0A3F2E16A17300204AFA /* Frameworks */,
				07EB0A402E16A17300204AFA /* Resources */,
			);
			buildRules = (
			);
			dependencies = (
				07EB0A442E16A17300204AFA /* PBXTargetDependency */,
			);
			fileSystemSynchronizedGroups = (
				07EB0A452E16A17300204AFA /* ProvikartUITests */,
			);
			name = ProvikartUITests;
			packageProductDependencies = (
			);
			productName = ProvikartUITests;
			productReference = 07EB0A422E16A17300204AFA /* ProvikartUITests.xctest */;
			productType = "com.apple.product-type.bundle.ui-testing";
		};
		07FAA3312F55074E00FDE731 /* ProvikartWidgetExtension */ = {
			isa = PBXNativeTarget;
			buildConfigurationList = 07FAA3492F55074F00FDE731 /* Build configuration list for PBXNativeTarget "ProvikartWidgetExtension" */;
			buildPhases = (
				07FAA32E2F55074E00FDE731 /* Sources */,
				07FAA32F2F55074E00FDE731 /* Frameworks */,
				07FAA3302F55074E00FDE731 /* Resources */,
			);
			buildRules = (
			);
			dependencies = (
			);
			fileSystemSynchronizedGroups = (
				07FAA3382F55074E00FDE731 /* ProvikartWidget */,
			);
			name = ProvikartWidgetExtension;
			packageProductDependencies = (
			);
			productName = ProvikartWidgetExtension;
			productReference = 07FAA3322F55074E00FDE731 /* ProvikartWidgetExtension.appex */;
			productType = "com.apple.product-type.app-extension";
		};
/* End PBXNativeTarget section */

/* Begin PBXProject section */
		07EB0A232E16A17200204AFA /* Project object */ = {
			isa = PBXProject;
			attributes = {
				BuildIndependentTargetsInParallel = 1;
				LastSwiftUpdateCheck = 2600;
				LastUpgradeCheck = 1640;
				TargetAttributes = {
					0782984F2F5EEA3A005CB0C9 = {
						CreatedOnToolsVersion = 26.0;
					};
					0782985B2F5EEA3B005CB0C9 = {
						CreatedOnToolsVersion = 26.0;
						TestTargetID = 0782984F2F5EEA3A005CB0C9;
					};
					078298652F5EEA3B005CB0C9 = {
						CreatedOnToolsVersion = 26.0;
						TestTargetID = 0782984F2F5EEA3A005CB0C9;
					};
					07EB0A2A2E16A17200204AFA = {
						CreatedOnToolsVersion = 16.4;
					};
					07EB0A372E16A17300204AFA = {
						CreatedOnToolsVersion = 16.4;
						TestTargetID = 07EB0A2A2E16A17200204AFA;
					};
					07EB0A412E16A17300204AFA = {
						CreatedOnToolsVersion = 16.4;
						TestTargetID = 07EB0A2A2E16A17200204AFA;
					};
					07FAA3312F55074E00FDE731 = {
						CreatedOnToolsVersion = 26.0;
					};
				};
			};
			buildConfigurationList = 07EB0A262E16A17200204AFA /* Build configuration list for PBXProject "Provikart" */;
			developmentRegion = en;
			hasScannedForEncodings = 0;
			knownRegions = (
				en,
				Base,
			);
			mainGroup = 07EB0A222E16A17200204AFA;
			minimizedProjectReferenceProxies = 1;
			packageReferences = (
				0726DB052F5219D2000CC7F6 /* XCRemoteSwiftPackageReference "firebase-ios-sdk" */,
			);
			preferredProjectObjectVersion = 77;
			productRefGroup = 07EB0A2C2E16A17200204AFA /* Products */;
			projectDirPath = "";
			projectRoot = "";
			targets = (
				07EB0A2A2E16A17200204AFA /* Provikart */,
				07EB0A372E16A17300204AFA /* ProvikartTests */,
				07EB0A412E16A17300204AFA /* ProvikartUITests */,
				07FAA3312F55074E00FDE731 /* ProvikartWidgetExtension */,
				0782984F2F5EEA3A005CB0C9 /* ProvikartWatch Watch App */,
				0782985B2F5EEA3B005CB0C9 /* ProvikartWatch Watch AppTests */,
				078298652F5EEA3B005CB0C9 /* ProvikartWatch Watch AppUITests */,
			);
		};
/* End PBXProject section */

/* Begin PBXResourcesBuildPhase section */
		0782984E2F5EEA3A005CB0C9 /* Resources */ = {
			isa = PBXResourcesBuildPhase;
			buildActionMask = 2147483647;
			files = (
			);
			runOnlyForDeploymentPostprocessing = 0;
		};
		0782985A2F5EEA3B005CB0C9 /* Resources */ = {
			isa = PBXResourcesBuildPhase;
			buildActionMask = 2147483647;
			files = (
			);
			runOnlyForDeploymentPostprocessing = 0;
		};
		078298642F5EEA3B005CB0C9 /* Resources */ = {
			isa = PBXResourcesBuildPhase;
			buildActionMask = 2147483647;
			files = (
			);
			runOnlyForDeploymentPostprocessing = 0;
		};
		07EB0A292E16A17200204AFA /* Resources */ = {
			isa = PBXResourcesBuildPhase;
			buildActionMask = 2147483647;
			files = (
			);
			runOnlyForDeploymentPostprocessing = 0;
		};
		07EB0A362E16A17300204AFA /* Resources */ = {
			isa = PBXResourcesBuildPhase;
			buildActionMask = 2147483647;
			files = (
			);
			runOnlyForDeploymentPostprocessing = 0;
		};
		07EB0A402E16A17300204AFA /* Resources */ = {
			isa = PBXResourcesBuildPhase;
			buildActionMask = 2147483647;
			files = (
			);
			runOnlyForDeploymentPostprocessing = 0;
		};
		07FAA3302F55074E00FDE731 /* Resources */ = {
			isa = PBXResourcesBuildPhase;
			buildActionMask = 2147483647;
			files = (
			);
			runOnlyForDeploymentPostprocessing = 0;
		};
/* End PBXResourcesBuildPhase section */

/* Begin PBXSourcesBuildPhase section */
		0782984C2F5EEA3A005CB0C9 /* Sources */ = {
			isa = PBXSourcesBuildPhase;
			buildActionMask = 2147483647;
			files = (
			);
			runOnlyForDeploymentPostprocessing = 0;
		};
		078298582F5EEA3B005CB0C9 /* Sources */ = {
			isa = PBXSourcesBuildPhase;
			buildActionMask = 2147483647;
			files = (
			);
			runOnlyForDeploymentPostprocessing = 0;
		};
		078298622F5EEA3B005CB0C9 /* Sources */ = {
			isa = PBXSourcesBuildPhase;
			buildActionMask = 2147483647;
			files = (
			);
			runOnlyForDeploymentPostprocessing = 0;
		};
		07EB0A272E16A17200204AFA /* Sources */ = {
			isa = PBXSourcesBuildPhase;
			buildActionMask = 2147483647;
			files = (
			);
			runOnlyForDeploymentPostprocessing = 0;
		};
		07EB0A342E16A17300204AFA /* Sources */ = {
			isa = PBXSourcesBuildPhase;
			buildActionMask = 2147483647;
			files = (
			);
			runOnlyForDeploymentPostprocessing = 0;
		};
		07EB0A3E2E16A17300204AFA /* Sources */ = {
			isa = PBXSourcesBuildPhase;
			buildActionMask = 2147483647;
			files = (
			);
			runOnlyForDeploymentPostprocessing = 0;
		};
		07FAA32E2F55074E00FDE731 /* Sources */ = {
			isa = PBXSourcesBuildPhase;
			buildActionMask = 2147483647;
			files = (
			);
			runOnlyForDeploymentPostprocessing = 0;
		};
/* End PBXSourcesBuildPhase section */

/* Begin PBXTargetDependency section */
		0782985E2F5EEA3B005CB0C9 /* PBXTargetDependency */ = {
			isa = PBXTargetDependency;
			target = 0782984F2F5EEA3A005CB0C9 /* ProvikartWatch Watch App */;
			targetProxy = 0782985D2F5EEA3B005CB0C9 /* PBXContainerItemProxy */;
		};
		078298682F5EEA3B005CB0C9 /* PBXTargetDependency */ = {
			isa = PBXTargetDependency;
			target = 0782984F2F5EEA3A005CB0C9 /* ProvikartWatch Watch App */;
			targetProxy = 078298672F5EEA3B005CB0C9 /* PBXContainerItemProxy */;
		};
		0782986F2F5EEA3B005CB0C9 /* PBXTargetDependency */ = {
			isa = PBXTargetDependency;
			target = 0782984F2F5EEA3A005CB0C9 /* ProvikartWatch Watch App */;
			targetProxy = 0782986E2F5EEA3B005CB0C9 /* PBXContainerItemProxy */;
		};
		07EB0A3A2E16A17300204AFA /* PBXTargetDependency */ = {
			isa = PBXTargetDependency;
			target = 07EB0A2A2E16A17200204AFA /* Provikart */;
			targetProxy = 07EB0A392E16A17300204AFA /* PBXContainerItemProxy */;
		};
		07EB0A442E16A17300204AFA /* PBXTargetDependency */ = {
			isa = PBXTargetDependency;
			target = 07EB0A2A2E16A17200204AFA /* Provikart */;
			targetProxy = 07EB0A432E16A17300204AFA /* PBXContainerItemProxy */;
		};
		07FAA3472F55074F00FDE731 /* PBXTargetDependency */ = {
			isa = PBXTargetDependency;
			target = 07FAA3312F55074E00FDE731 /* ProvikartWidgetExtension */;
			targetProxy = 07FAA3462F55074F00FDE731 /* PBXContainerItemProxy */;
		};
/* End PBXTargetDependency section */

/* Begin XCBuildConfiguration section */
		078298722F5EEA3B005CB0C9 /* Debug */ = {
			isa = XCBuildConfiguration;
			buildSettings = {
				ASSETCATALOG_COMPILER_APPICON_NAME = AppIcon;
				ASSETCATALOG_COMPILER_GLOBAL_ACCENT_COLOR_NAME = AccentColor;
				CODE_SIGN_ENTITLEMENTS = "ProvikartWatch Watch App/ProvikartWatch Watch App.entitlements";
				CODE_SIGN_STYLE = Automatic;
				CURRENT_PROJECT_VERSION = 5;
				DEVELOPMENT_TEAM = W6R3HZD7R4;
				ENABLE_PREVIEWS = YES;
				GENERATE_INFOPLIST_FILE = YES;
				INFOPLIST_KEY_CFBundleDisplayName = Provikart;
				INFOPLIST_KEY_UISupportedInterfaceOrientations = "UIInterfaceOrientationPortrait UIInterfaceOrientationPortraitUpsideDown";
				INFOPLIST_KEY_WKCompanionAppBundleIdentifier = com.hajecek.provikartApp;
				LD_RUNPATH_SEARCH_PATHS = (
					"$(inherited)",
					"@executable_path/Frameworks",
				);
				MARKETING_VERSION = 0.0.1;
				PRODUCT_BUNDLE_IDENTIFIER = com.hajecek.provikartApp.watchkitapp;
				PRODUCT_NAME = "$(TARGET_NAME)";
				SDKROOT = watchos;
				SKIP_INSTALL = YES;
				STRING_CATALOG_GENERATE_SYMBOLS = YES;
				SWIFT_APPROACHABLE_CONCURRENCY = YES;
				SWIFT_DEFAULT_ACTOR_ISOLATION = MainActor;
				SWIFT_EMIT_LOC_STRINGS = YES;
				SWIFT_UPCOMING_FEATURE_MEMBER_IMPORT_VISIBILITY = YES;
				SWIFT_VERSION = 5.0;
				TARGETED_DEVICE_FAMILY = 4;
				WATCHOS_DEPLOYMENT_TARGET = 26.0;
			};
			name = Debug;
		};
		078298732F5EEA3B005CB0C9 /* Release */ = {
			isa = XCBuildConfiguration;
			buildSettings = {
				ASSETCATALOG_COMPILER_APPICON_NAME = AppIcon;
				ASSETCATALOG_COMPILER_GLOBAL_ACCENT_COLOR_NAME = AccentColor;
				CODE_SIGN_ENTITLEMENTS = "ProvikartWatch Watch App/ProvikartWatch Watch App.entitlements";
				CODE_SIGN_STYLE = Automatic;
				CURRENT_PROJECT_VERSION = 5;
				DEVELOPMENT_TEAM = W6R3HZD7R4;
				ENABLE_PREVIEWS = YES;
				GENERATE_INFOPLIST_FILE = YES;
				INFOPLIST_KEY_CFBundleDisplayName = Provikart;
				INFOPLIST_KEY_UISupportedInterfaceOrientations = "UIInterfaceOrientationPortrait UIInterfaceOrientationPortraitUpsideDown";
				INFOPLIST_KEY_WKCompanionAppBundleIdentifier = com.hajecek.provikartApp;
				LD_RUNPATH_SEARCH_PATHS = (
					"$(inherited)",
					"@executable_path/Frameworks",
				);
				MARKETING_VERSION = 0.0.1;
				PRODUCT_BUNDLE_IDENTIFIER = com.hajecek.provikartApp.watchkitapp;
				PRODUCT_NAME = "$(TARGET_NAME)";
				SDKROOT = watchos;
				SKIP_INSTALL = YES;
				STRING_CATALOG_GENERATE_SYMBOLS = YES;
				SWIFT_APPROACHABLE_CONCURRENCY = YES;
				SWIFT_DEFAULT_ACTOR_ISOLATION = MainActor;
				SWIFT_EMIT_LOC_STRINGS = YES;
				SWIFT_UPCOMING_FEATURE_MEMBER_IMPORT_VISIBILITY = YES;
				SWIFT_VERSION = 5.0;
				TARGETED_DEVICE_FAMILY = 4;
				WATCHOS_DEPLOYMENT_TARGET = 26.0;
			};
			name = Release;
		};
		078298762F5EEA3B005CB0C9 /* Debug */ = {
			isa = XCBuildConfiguration;
			buildSettings = {
				BUNDLE_LOADER = "$(TEST_HOST)";
				CODE_SIGN_STYLE = Automatic;
				CURRENT_PROJECT_VERSION = 1;
				DEVELOPMENT_TEAM = W6R3HZD7R4;
				GENERATE_INFOPLIST_FILE = YES;
				MARKETING_VERSION = 1.0;
				PRODUCT_BUNDLE_IDENTIFIER = "com.hajecek.ProvikartWatch-Watch-AppTests";
				PRODUCT_NAME = "$(TARGET_NAME)";
				SDKROOT = watchos;
				STRING_CATALOG_GENERATE_SYMBOLS = NO;
				SWIFT_APPROACHABLE_CONCURRENCY = YES;
				SWIFT_EMIT_LOC_STRINGS = NO;
				SWIFT_UPCOMING_FEATURE_MEMBER_IMPORT_VISIBILITY = YES;
				SWIFT_VERSION = 5.0;
				TARGETED_DEVICE_FAMILY = 4;
				TEST_HOST = "$(BUILT_PRODUCTS_DIR)/ProvikartWatch Watch App.app/$(BUNDLE_EXECUTABLE_FOLDER_PATH)/ProvikartWatch Watch App";
				WATCHOS_DEPLOYMENT_TARGET = 26.0;
			};
			name = Debug;
		};
		078298772F5EEA3B005CB0C9 /* Release */ = {
			isa = XCBuildConfiguration;
			buildSettings = {
				BUNDLE_LOADER = "$(TEST_HOST)";
				CODE_SIGN_STYLE = Automatic;
				CURRENT_PROJECT_VERSION = 1;
				DEVELOPMENT_TEAM = W6R3HZD7R4;
				GENERATE_INFOPLIST_FILE = YES;
				MARKETING_VERSION = 1.0;
				PRODUCT_BUNDLE_IDENTIFIER = "com.hajecek.ProvikartWatch-Watch-AppTests";
				PRODUCT_NAME = "$(TARGET_NAME)";
				SDKROOT = watchos;
				STRING_CATALOG_GENERATE_SYMBOLS = NO;
				SWIFT_APPROACHABLE_CONCURRENCY = YES;
				SWIFT_EMIT_LOC_STRINGS = NO;
				SWIFT_UPCOMING_FEATURE_MEMBER_IMPORT_VISIBILITY = YES;
				SWIFT_VERSION = 5.0;
				TARGETED_DEVICE_FAMILY = 4;
				TEST_HOST = "$(BUILT_PRODUCTS_DIR)/ProvikartWatch Watch App.app/$(BUNDLE_EXECUTABLE_FOLDER_PATH)/ProvikartWatch Watch App";
				WATCHOS_DEPLOYMENT_TARGET = 26.0;
			};
			name = Release;
		};
		078298792F5EEA3B005CB0C9 /* Debug */ = {
			isa = XCBuildConfiguration;
			buildSettings = {
				CODE_SIGN_STYLE = Automatic;
				CURRENT_PROJECT_VERSION = 1;
				DEVELOPMENT_TEAM = W6R3HZD7R4;
				GENERATE_INFOPLIST_FILE = YES;
				MARKETING_VERSION = 1.0;
				PRODUCT_BUNDLE_IDENTIFIER = "com.hajecek.ProvikartWatch-Watch-AppUITests";
				PRODUCT_NAME = "$(TARGET_NAME)";
				SDKROOT = watchos;
				STRING_CATALOG_GENERATE_SYMBOLS = NO;
				SWIFT_APPROACHABLE_CONCURRENCY = YES;
				SWIFT_EMIT_LOC_STRINGS = NO;
				SWIFT_UPCOMING_FEATURE_MEMBER_IMPORT_VISIBILITY = YES;
				SWIFT_VERSION = 5.0;
				TARGETED_DEVICE_FAMILY = 4;
				TEST_TARGET_NAME = "ProvikartWatch Watch App";
				WATCHOS_DEPLOYMENT_TARGET = 26.0;
			};
			name = Debug;
		};
		0782987A2F5EEA3B005CB0C9 /* Release */ = {
			isa = XCBuildConfiguration;
			buildSettings = {
				CODE_SIGN_STYLE = Automatic;
				CURRENT_PROJECT_VERSION = 1;
				DEVELOPMENT_TEAM = W6R3HZD7R4;
				GENERATE_INFOPLIST_FILE = YES;
				MARKETING_VERSION = 1.0;
				PRODUCT_BUNDLE_IDENTIFIER = "com.hajecek.ProvikartWatch-Watch-AppUITests";
				PRODUCT_NAME = "$(TARGET_NAME)";
				SDKROOT = watchos;
				STRING_CATALOG_GENERATE_SYMBOLS = NO;
				SWIFT_APPROACHABLE_CONCURRENCY = YES;
				SWIFT_EMIT_LOC_STRINGS = NO;
				SWIFT_UPCOMING_FEATURE_MEMBER_IMPORT_VISIBILITY = YES;
				SWIFT_VERSION = 5.0;
				TARGETED_DEVICE_FAMILY = 4;
				TEST_TARGET_NAME = "ProvikartWatch Watch App";
				WATCHOS_DEPLOYMENT_TARGET = 26.0;
			};
			name = Release;
		};
		07EB0A4A2E16A17300204AFA /* Debug */ = {
			isa = XCBuildConfiguration;
			buildSettings = {
				ALWAYS_SEARCH_USER_PATHS = NO;
				ASSETCATALOG_COMPILER_GENERATE_SWIFT_ASSET_SYMBOL_EXTENSIONS = YES;
				CLANG_ANALYZER_NONNULL = YES;
				CLANG_ANALYZER_NUMBER_OBJECT_CONVERSION = YES_AGGRESSIVE;
				CLANG_CXX_LANGUAGE_STANDARD = "gnu++20";
				CLANG_ENABLE_MODULES = YES;
				CLANG_ENABLE_OBJC_ARC = YES;
				CLANG_ENABLE_OBJC_WEAK = YES;
				CLANG_WARN_BLOCK_CAPTURE_AUTORELEASING = YES;
				CLANG_WARN_BOOL_CONVERSION = YES;
				CLANG_WARN_COMMA = YES;
				CLANG_WARN_CONSTANT_CONVERSION = YES;
				CLANG_WARN_DEPRECATED_OBJC_IMPLEMENTATIONS = YES;
				CLANG_WARN_DIRECT_OBJC_ISA_USAGE = YES_ERROR;
				CLANG_WARN_DOCUMENTATION_COMMENTS = YES;
				CLANG_WARN_EMPTY_BODY = YES;
				CLANG_WARN_ENUM_CONVERSION = YES;
				CLANG_WARN_INFINITE_RECURSION = YES;
				CLANG_WARN_INT_CONVERSION = YES;
				CLANG_WARN_NON_LITERAL_NULL_CONVERSION = YES;
				CLANG_WARN_OBJC_IMPLICIT_RETAIN_SELF = YES;
				CLANG_WARN_OBJC_LITERAL_CONVERSION = YES;
				CLANG_WARN_OBJC_ROOT_CLASS = YES_ERROR;
				CLANG_WARN_QUOTED_INCLUDE_IN_FRAMEWORK_HEADER = YES;
				CLANG_WARN_RANGE_LOOP_ANALYSIS = YES;
				CLANG_WARN_STRICT_PROTOTYPES = YES;
				CLANG_WARN_SUSPICIOUS_MOVE = YES;
				CLANG_WARN_UNGUARDED_AVAILABILITY = YES_AGGRESSIVE;
				CLANG_WARN_UNREACHABLE_CODE = YES;
				CLANG_WARN__DUPLICATE_METHOD_MATCH = YES;
				COPY_PHASE_STRIP = NO;
				DEBUG_INFORMATION_FORMAT = dwarf;
				DEVELOPMENT_TEAM = W6R3HZD7R4;
				ENABLE_STRICT_OBJC_MSGSEND = YES;
				ENABLE_TESTABILITY = YES;
				ENABLE_USER_SCRIPT_SANDBOXING = YES;
				GCC_C_LANGUAGE_STANDARD = gnu17;
				GCC_DYNAMIC_NO_PIC = NO;
				GCC_NO_COMMON_BLOCKS = YES;
				GCC_OPTIMIZATION_LEVEL = 0;
				GCC_PREPROCESSOR_DEFINITIONS = (
					"DEBUG=1",
					"$(inherited)",
				);
				GCC_WARN_64_TO_32_BIT_CONVERSION = YES;
				GCC_WARN_ABOUT_RETURN_TYPE = YES_ERROR;
				GCC_WARN_UNDECLARED_SELECTOR = YES;
				GCC_WARN_UNINITIALIZED_AUTOS = YES_AGGRESSIVE;
				GCC_WARN_UNUSED_FUNCTION = YES;
				GCC_WARN_UNUSED_VARIABLE = YES;
				IPHONEOS_DEPLOYMENT_TARGET = 18.5;
				LOCALIZATION_PREFERS_STRING_CATALOGS = YES;
				MTL_ENABLE_DEBUG_INFO = INCLUDE_SOURCE;
				MTL_FAST_MATH = YES;
				ONLY_ACTIVE_ARCH = YES;
				SDKROOT = iphoneos;
				SWIFT_ACTIVE_COMPILATION_CONDITIONS = "DEBUG $(inherited)";
				SWIFT_OPTIMIZATION_LEVEL = "-Onone";
			};
			name = Debug;
		};
		07EB0A4B2E16A17300204AFA /* Release */ = {
			isa = XCBuildConfiguration;
			buildSettings = {
				ALWAYS_SEARCH_USER_PATHS = NO;
				ASSETCATALOG_COMPILER_GENERATE_SWIFT_ASSET_SYMBOL_EXTENSIONS = YES;
				CLANG_ANALYZER_NONNULL = YES;
				CLANG_ANALYZER_NUMBER_OBJECT_CONVERSION = YES_AGGRESSIVE;
				CLANG_CXX_LANGUAGE_STANDARD = "gnu++20";
				CLANG_ENABLE_MODULES = YES;
				CLANG_ENABLE_OBJC_ARC = YES;
				CLANG_ENABLE_OBJC_WEAK = YES;
				CLANG_WARN_BLOCK_CAPTURE_AUTORELEASING = YES;
				CLANG_WARN_BOOL_CONVERSION = YES;
				CLANG_WARN_COMMA = YES;
				CLANG_WARN_CONSTANT_CONVERSION = YES;
				CLANG_WARN_DEPRECATED_OBJC_IMPLEMENTATIONS = YES;
				CLANG_WARN_DIRECT_OBJC_ISA_USAGE = YES_ERROR;
				CLANG_WARN_DOCUMENTATION_COMMENTS = YES;
				CLANG_WARN_EMPTY_BODY = YES;
				CLANG_WARN_ENUM_CONVERSION = YES;
				CLANG_WARN_INFINITE_RECURSION = YES;
				CLANG_WARN_INT_CONVERSION = YES;
				CLANG_WARN_NON_LITERAL_NULL_CONVERSION = YES;
				CLANG_WARN_OBJC_IMPLICIT_RETAIN_SELF = YES;
				CLANG_WARN_OBJC_LITERAL_CONVERSION = YES;
				CLANG_WARN_OBJC_ROOT_CLASS = YES_ERROR;
				CLANG_WARN_QUOTED_INCLUDE_IN_FRAMEWORK_HEADER = YES;
				CLANG_WARN_RANGE_LOOP_ANALYSIS = YES;
				CLANG_WARN_STRICT_PROTOTYPES = YES;
				CLANG_WARN_SUSPICIOUS_MOVE = YES;
				CLANG_WARN_UNGUARDED_AVAILABILITY = YES_AGGRESSIVE;
				CLANG_WARN_UNREACHABLE_CODE = YES;
				CLANG_WARN__DUPLICATE_METHOD_MATCH = YES;
				COPY_PHASE_STRIP = NO;
				DEBUG_INFORMATION_FORMAT = "dwarf-with-dsym";
				DEVELOPMENT_TEAM = W6R3HZD7R4;
				ENABLE_NS_ASSERTIONS = NO;
				ENABLE_STRICT_OBJC_MSGSEND = YES;
				ENABLE_USER_SCRIPT_SANDBOXING = YES;
				GCC_C_LANGUAGE_STANDARD = gnu17;
				GCC_NO_COMMON_BLOCKS = YES;
				GCC_WARN_64_TO_32_BIT_CONVERSION = YES;
				GCC_WARN_ABOUT_RETURN_TYPE = YES_ERROR;
				GCC_WARN_UNDECLARED_SELECTOR = YES;
				GCC_WARN_UNINITIALIZED_AUTOS = YES_AGGRESSIVE;
				GCC_WARN_UNUSED_FUNCTION = YES;
				GCC_WARN_UNUSED_VARIABLE = YES;
				IPHONEOS_DEPLOYMENT_TARGET = 18.5;
				LOCALIZATION_PREFERS_STRING_CATALOGS = YES;
				MTL_ENABLE_DEBUG_INFO = NO;
				MTL_FAST_MATH = YES;
				SDKROOT = iphoneos;
				SWIFT_COMPILATION_MODE = wholemodule;
				VALIDATE_PRODUCT = YES;
			};
			name = Release;
		};
		07EB0A4D2E16A17300204AFA /* Debug */ = {
			isa = XCBuildConfiguration;
			buildSettings = {
				ASSETCATALOG_COMPILER_APPICON_NAME = AppIcon;
				ASSETCATALOG_COMPILER_GLOBAL_ACCENT_COLOR_NAME = AccentColor;
				CODE_SIGN_ENTITLEMENTS = Provikart/Provikart.entitlements;
				CODE_SIGN_STYLE = Automatic;
				CURRENT_PROJECT_VERSION = 13;
				DEVELOPMENT_TEAM = W6R3HZD7R4;
				ENABLE_PREVIEWS = YES;
				GENERATE_INFOPLIST_FILE = YES;
				INFOPLIST_FILE = Provikart/Info.plist;
				INFOPLIST_KEY_CFBundleDisplayName = Provikart;
				INFOPLIST_KEY_LSApplicationCategoryType = "public.app-category.productivity";
				INFOPLIST_KEY_NSFaceIDUsageDescription = "Provikart používá Face ID pro rychlé a bezpečné ověření identity při návratu do aplikace.";
				INFOPLIST_KEY_UIApplicationSceneManifest_Generation = YES;
				INFOPLIST_KEY_UIApplicationSupportsIndirectInputEvents = YES;
				INFOPLIST_KEY_UILaunchScreen_Generation = YES;
				INFOPLIST_KEY_UISupportedInterfaceOrientations_iPad = "UIInterfaceOrientationPortrait UIInterfaceOrientationPortraitUpsideDown UIInterfaceOrientationLandscapeLeft UIInterfaceOrientationLandscapeRight";
				INFOPLIST_KEY_UISupportedInterfaceOrientations_iPhone = "UIInterfaceOrientationPortrait UIInterfaceOrientationLandscapeLeft UIInterfaceOrientationLandscapeRight";
				IPHONEOS_DEPLOYMENT_TARGET = 26.0;
				LD_RUNPATH_SEARCH_PATHS = (
					"$(inherited)",
					"@executable_path/Frameworks",
				);
				MARKETING_VERSION = 0.0.2;
				PRODUCT_BUNDLE_IDENTIFIER = com.hajecek.provikartApp;
				PRODUCT_NAME = "$(TARGET_NAME)";
				SWIFT_EMIT_LOC_STRINGS = YES;
				SWIFT_VERSION = 5.0;
				TARGETED_DEVICE_FAMILY = "1,2";
			};
			name = Debug;
		};
		07EB0A4E2E16A17300204AFA /* Release */ = {
			isa = XCBuildConfiguration;
			buildSettings = {
				ASSETCATALOG_COMPILER_APPICON_NAME = AppIcon;
				ASSETCATALOG_COMPILER_GLOBAL_ACCENT_COLOR_NAME = AccentColor;
				CODE_SIGN_ENTITLEMENTS = Provikart/Provikart.entitlements;
				CODE_SIGN_STYLE = Automatic;
				CURRENT_PROJECT_VERSION = 13;
				DEVELOPMENT_TEAM = W6R3HZD7R4;
				ENABLE_PREVIEWS = YES;
				GENERATE_INFOPLIST_FILE = YES;
				INFOPLIST_FILE = Provikart/Info.plist;
				INFOPLIST_KEY_CFBundleDisplayName = Provikart;
				INFOPLIST_KEY_LSApplicationCategoryType = "public.app-category.productivity";
				INFOPLIST_KEY_NSFaceIDUsageDescription = "Provikart používá Face ID pro rychlé a bezpečné ověření identity při návratu do aplikace.";
				INFOPLIST_KEY_UIApplicationSceneManifest_Generation = YES;
				INFOPLIST_KEY_UIApplicationSupportsIndirectInputEvents = YES;
				INFOPLIST_KEY_UILaunchScreen_Generation = YES;
				INFOPLIST_KEY_UISupportedInterfaceOrientations_iPad = "UIInterfaceOrientationPortrait UIInterfaceOrientationPortraitUpsideDown UIInterfaceOrientationLandscapeLeft UIInterfaceOrientationLandscapeRight";
				INFOPLIST_KEY_UISupportedInterfaceOrientations_iPhone = "UIInterfaceOrientationPortrait UIInterfaceOrientationLandscapeLeft UIInterfaceOrientationLandscapeRight";
				IPHONEOS_DEPLOYMENT_TARGET = 26.0;
				LD_RUNPATH_SEARCH_PATHS = (
					"$(inherited)",
					"@executable_path/Frameworks",
				);
				MARKETING_VERSION = 0.0.2;
				PRODUCT_BUNDLE_IDENTIFIER = com.hajecek.provikartApp;
				PRODUCT_NAME = "$(TARGET_NAME)";
				SWIFT_EMIT_LOC_STRINGS = YES;
				SWIFT_VERSION = 5.0;
				TARGETED_DEVICE_FAMILY = "1,2";
			};
			name = Release;
		};
		07EB0A502E16A17300204AFA /* Debug */ = {
			isa = XCBuildConfiguration;
			buildSettings = {
				BUNDLE_LOADER = "$(TEST_HOST)";
				CODE_SIGN_STYLE = Automatic;
				CURRENT_PROJECT_VERSION = 1;
				DEVELOPMENT_TEAM = W6R3HZD7R4;
				GENERATE_INFOPLIST_FILE = YES;
				IPHONEOS_DEPLOYMENT_TARGET = 18.5;
				MARKETING_VERSION = 1.0;
				PRODUCT_BUNDLE_IDENTIFIER = com.hajecek.ProvikartTests;
				PRODUCT_NAME = "$(TARGET_NAME)";
				SWIFT_EMIT_LOC_STRINGS = NO;
				SWIFT_VERSION = 5.0;
				TARGETED_DEVICE_FAMILY = "1,2";
				TEST_HOST = "$(BUILT_PRODUCTS_DIR)/Provikart.app/$(BUNDLE_EXECUTABLE_FOLDER_PATH)/Provikart";
			};
			name = Debug;
		};
		07EB0A512E16A17300204AFA /* Release */ = {
			isa = XCBuildConfiguration;
			buildSettings = {
				BUNDLE_LOADER = "$(TEST_HOST)";
				CODE_SIGN_STYLE = Automatic;
				CURRENT_PROJECT_VERSION = 1;
				DEVELOPMENT_TEAM = W6R3HZD7R4;
				GENERATE_INFOPLIST_FILE = YES;
				IPHONEOS_DEPLOYMENT_TARGET = 18.5;
				MARKETING_VERSION = 1.0;
				PRODUCT_BUNDLE_IDENTIFIER = com.hajecek.ProvikartTests;
				PRODUCT_NAME = "$(TARGET_NAME)";
				SWIFT_EMIT_LOC_STRINGS = NO;
				SWIFT_VERSION = 5.0;
				TARGETED_DEVICE_FAMILY = "1,2";
				TEST_HOST = "$(BUILT_PRODUCTS_DIR)/Provikart.app/$(BUNDLE_EXECUTABLE_FOLDER_PATH)/Provikart";
			};
			name = Release;
		};
		07EB0A532E16A17300204AFA /* Debug */ = {
			isa = XCBuildConfiguration;
			buildSettings = {
				CODE_SIGN_STYLE = Automatic;
				CURRENT_PROJECT_VERSION = 1;
				DEVELOPMENT_TEAM = W6R3HZD7R4;
				GENERATE_INFOPLIST_FILE = YES;
				MARKETING_VERSION = 1.0;
				PRODUCT_BUNDLE_IDENTIFIER = com.hajecek.ProvikartUITests;
				PRODUCT_NAME = "$(TARGET_NAME)";
				SWIFT_EMIT_LOC_STRINGS = NO;
				SWIFT_VERSION = 5.0;
				TARGETED_DEVICE_FAMILY = "1,2";
				TEST_TARGET_NAME = Provikart;
			};
			name = Debug;
		};
		07EB0A542E16A17300204AFA /* Release */ = {
			isa = XCBuildConfiguration;
			buildSettings = {
				CODE_SIGN_STYLE = Automatic;
				CURRENT_PROJECT_VERSION = 1;
				DEVELOPMENT_TEAM = W6R3HZD7R4;
				GENERATE_INFOPLIST_FILE = YES;
				MARKETING_VERSION = 1.0;
				PRODUCT_BUNDLE_IDENTIFIER = com.hajecek.ProvikartUITests;
				PRODUCT_NAME = "$(TARGET_NAME)";
				SWIFT_EMIT_LOC_STRINGS = NO;
				SWIFT_VERSION = 5.0;
				TARGETED_DEVICE_FAMILY = "1,2";
				TEST_TARGET_NAME = Provikart;
			};
			name = Release;
		};
		07FAA34A2F55074F00FDE731 /* Debug */ = {
			isa = XCBuildConfiguration;
			buildSettings = {
				ASSETCATALOG_COMPILER_GLOBAL_ACCENT_COLOR_NAME = AccentColor;
				ASSETCATALOG_COMPILER_WIDGET_BACKGROUND_COLOR_NAME = WidgetBackground;
				CODE_SIGN_ENTITLEMENTS = ProvikartWidgetExtension.entitlements;
				CODE_SIGN_STYLE = Automatic;
				CURRENT_PROJECT_VERSION = 1;
				DEVELOPMENT_TEAM = W6R3HZD7R4;
				GENERATE_INFOPLIST_FILE = YES;
				INFOPLIST_FILE = ProvikartWidget/Info.plist;
				INFOPLIST_KEY_CFBundleDisplayName = ProvikartWidget;
				INFOPLIST_KEY_NSHumanReadableCopyright = "";
				IPHONEOS_DEPLOYMENT_TARGET = 26.0;
				LD_RUNPATH_SEARCH_PATHS = (
					"$(inherited)",
					"@executable_path/Frameworks",
					"@executable_path/../../Frameworks",
				);
				MARKETING_VERSION = 1.0;
				PRODUCT_BUNDLE_IDENTIFIER = com.hajecek.provikartApp.ProvikartWidget;
				PRODUCT_NAME = "$(TARGET_NAME)";
				SKIP_INSTALL = YES;
				STRING_CATALOG_GENERATE_SYMBOLS = YES;
				SWIFT_APPROACHABLE_CONCURRENCY = YES;
				SWIFT_EMIT_LOC_STRINGS = YES;
				SWIFT_UPCOMING_FEATURE_MEMBER_IMPORT_VISIBILITY = YES;
				SWIFT_VERSION = 5.0;
				TARGETED_DEVICE_FAMILY = "1,2";
			};
			name = Debug;
		};
		07FAA34B2F55074F00FDE731 /* Release */ = {
			isa = XCBuildConfiguration;
			buildSettings = {
				ASSETCATALOG_COMPILER_GLOBAL_ACCENT_COLOR_NAME = AccentColor;
				ASSETCATALOG_COMPILER_WIDGET_BACKGROUND_COLOR_NAME = WidgetBackground;
				CODE_SIGN_ENTITLEMENTS = ProvikartWidgetExtension.entitlements;
				CODE_SIGN_STYLE = Automatic;
				CURRENT_PROJECT_VERSION = 1;
				DEVELOPMENT_TEAM = W6R3HZD7R4;
				GENERATE_INFOPLIST_FILE = YES;
				INFOPLIST_FILE = ProvikartWidget/Info.plist;
				INFOPLIST_KEY_CFBundleDisplayName = ProvikartWidget;
				INFOPLIST_KEY_NSHumanReadableCopyright = "";
				IPHONEOS_DEPLOYMENT_TARGET = 26.0;
				LD_RUNPATH_SEARCH_PATHS = (
					"$(inherited)",
					"@executable_path/Frameworks",
					"@executable_path/../../Frameworks",
				);
				MARKETING_VERSION = 1.0;
				PRODUCT_BUNDLE_IDENTIFIER = com.hajecek.provikartApp.ProvikartWidget;
				PRODUCT_NAME = "$(TARGET_NAME)";
				SKIP_INSTALL = YES;
				STRING_CATALOG_GENERATE_SYMBOLS = YES;
				SWIFT_APPROACHABLE_CONCURRENCY = YES;
				SWIFT_EMIT_LOC_STRINGS = YES;
				SWIFT_UPCOMING_FEATURE_MEMBER_IMPORT_VISIBILITY = YES;
				SWIFT_VERSION = 5.0;
				TARGETED_DEVICE_FAMILY = "1,2";
			};
			name = Release;
		};
/* End XCBuildConfiguration section */

/* Begin XCConfigurationList section */
		078298712F5EEA3B005CB0C9 /* Build configuration list for PBXNativeTarget "ProvikartWatch Watch App" */ = {
			isa = XCConfigurationList;
			buildConfigurations = (
				078298722F5EEA3B005CB0C9 /* Debug */,
				078298732F5EEA3B005CB0C9 /* Release */,
			);
			defaultConfigurationIsVisible = 0;
			defaultConfigurationName = Release;
		};
		078298752F5EEA3B005CB0C9 /* Build configuration list for PBXNativeTarget "ProvikartWatch Watch AppTests" */ = {
			isa = XCConfigurationList;
			buildConfigurations = (
				078298762F5EEA3B005CB0C9 /* Debug */,
				078298772F5EEA3B005CB0C9 /* Release */,
			);
			defaultConfigurationIsVisible = 0;
			defaultConfigurationName = Release;
		};
		078298782F5EEA3B005CB0C9 /* Build configuration list for PBXNativeTarget "ProvikartWatch Watch AppUITests" */ = {
			isa = XCConfigurationList;
			buildConfigurations = (
				078298792F5EEA3B005CB0C9 /* Debug */,
				0782987A2F5EEA3B005CB0C9 /* Release */,
			);
			defaultConfigurationIsVisible = 0;
			defaultConfigurationName = Release;
		};
		07EB0A262E16A17200204AFA /* Build configuration list for PBXProject "Provikart" */ = {
			isa = XCConfigurationList;
			buildConfigurations = (
				07EB0A4A2E16A17300204AFA /* Debug */,
				07EB0A4B2E16A17300204AFA /* Release */,
			);
			defaultConfigurationIsVisible = 0;
			defaultConfigurationName = Release;
		};
		07EB0A4C2E16A17300204AFA /* Build configuration list for PBXNativeTarget "Provikart" */ = {
			isa = XCConfigurationList;
			buildConfigurations = (
				07EB0A4D2E16A17300204AFA /* Debug */,
				07EB0A4E2E16A17300204AFA /* Release */,
			);
			defaultConfigurationIsVisible = 0;
			defaultConfigurationName = Release;
		};
		07EB0A4F2E16A17300204AFA /* Build configuration list for PBXNativeTarget "ProvikartTests" */ = {
			isa = XCConfigurationList;
			buildConfigurations = (
				07EB0A502E16A17300204AFA /* Debug */,
				07EB0A512E16A17300204AFA /* Release */,
			);
			defaultConfigurationIsVisible = 0;
			defaultConfigurationName = Release;
		};
		07EB0A522E16A17300204AFA /* Build configuration list for PBXNativeTarget "ProvikartUITests" */ = {
			isa = XCConfigurationList;
			buildConfigurations = (
				07EB0A532E16A17300204AFA /* Debug */,
				07EB0A542E16A17300204AFA /* Release */,
			);
			defaultConfigurationIsVisible = 0;
			defaultConfigurationName = Release;
		};
		07FAA3492F55074F00FDE731 /* Build configuration list for PBXNativeTarget "ProvikartWidgetExtension" */ = {
			isa = XCConfigurationList;
			buildConfigurations = (
				07FAA34A2F55074F00FDE731 /* Debug */,
				07FAA34B2F55074F00FDE731 /* Release */,
			);
			defaultConfigurationIsVisible = 0;
			defaultConfigurationName = Release;
		};
/* End XCConfigurationList section */

/* Begin XCRemoteSwiftPackageReference section */
		0726DB052F5219D2000CC7F6 /* XCRemoteSwiftPackageReference "firebase-ios-sdk" */ = {
			isa = XCRemoteSwiftPackageReference;
			repositoryURL = "https://github.com/firebase/firebase-ios-sdk";
			requirement = {
				kind = upToNextMajorVersion;
				minimumVersion = 12.10.0;
			};
		};
/* End XCRemoteSwiftPackageReference section */

/* Begin XCSwiftPackageProductDependency section */
		0726DB062F5219D2000CC7F6 /* FirebaseMessaging */ = {
			isa = XCSwiftPackageProductDependency;
			package = 0726DB052F5219D2000CC7F6 /* XCRemoteSwiftPackageReference "firebase-ios-sdk" */;
			productName = FirebaseMessaging;
		};
/* End XCSwiftPackageProductDependency section */
	};
	rootObject = 07EB0A232E16A17200204AFA /* Project object */;
}
